<?xml version="1.0" encoding="utf-8"?>
<Project ToolsVersion="4.0" xmlns="http://schemas.microsoft.com/developer/msbuild/2003">

  <!-- =========================================================
       Filter (virtual folder) definitions
       ========================================================= -->
  <ItemGroup>

    <!-- Plugin bootstrap & entry points -->
    <Filter Include="Plugin Core">
      <UniqueIdentifier>{a1b2c3d4-0001-0001-0001-000000000001}</UniqueIdentifier>
    </Filter>
    <Filter Include="Plugin Core\Config">
      <UniqueIdentifier>{a1b2c3d4-0001-0001-0001-000000000002}</UniqueIdentifier>
    </Filter>
    <Filter Include="Plugin Core\Helpers">
      <UniqueIdentifier>{a1b2c3d4-0001-0001-0001-000000000003}</UniqueIdentifier>
    </Filter>

    <!-- Modloader SDK header (read-only, from include\) -->
    <Filter Include="SDK">
      <UniqueIdentifier>{a1b2c3d4-0002-0002-0002-000000000001}</UniqueIdentifier>
    </Filter>

    <!-- Cheat menu shell + per-category panels -->
    <Filter Include="Cheats">
      <UniqueIdentifier>{a1b2c3d4-0003-0003-0003-000000000001}</UniqueIdentifier>
    </Filter>
    <Filter Include="Cheats\Menu">
      <UniqueIdentifier>{a1b2c3d4-0003-0003-0003-000000000002}</UniqueIdentifier>
    </Filter>
    <Filter Include="Cheats\World">
      <UniqueIdentifier>{a1b2c3d4-0003-0003-0003-000000000003}</UniqueIdentifier>
    </Filter>
    <Filter Include="Cheats\Player">
      <UniqueIdentifier>{a1b2c3d4-0003-0003-0003-000000000004}</UniqueIdentifier>
    </Filter>
    <Filter Include="Cheats\Machines">
      <UniqueIdentifier>{a1b2c3d4-0003-0003-0003-000000000005}</UniqueIdentifier>
    </Filter>
    <Filter Include="Cheats\Enemies">
      <UniqueIdentifier>{a1b2c3d4-0003-0003-0003-000000000006}</UniqueIdentifier>
    </Filter>
    <Filter Include="Cheats\Misc">
      <UniqueIdentifier>{a1b2c3d4-0003-0003-0003-000000000007}</UniqueIdentifier>
    </Filter>
    <Filter Include="Cheats\Dev">
      <UniqueIdentifier>{a1b2c3d4-0003-0003-0003-000000000008}</UniqueIdentifier>
    </Filter>

    <!-- Single AOB pattern registry -->
    <Filter Include="Patterns">
      <UniqueIdentifier>{a1b2c3d4-0004-0004-0004-000000000001}</UniqueIdentifier>
    </Filter>

    <!-- Third-party libraries (vendored, unmodified) -->
    <Filter Include="ThirdParty">
      <UniqueIdentifier>{a1b2c3d4-0005-0005-0005-000000000001}</UniqueIdentifier>
    </Filter>

  </ItemGroup>

  <!-- =========================================================
       Header files
       ========================================================= -->
  <ItemGroup>

    <!-- Plugin Core -->
    <ClInclude Include="plugin.h">
      <Filter>Plugin Core</Filter>
    </ClInclude>

    <!-- Plugin Core\Config -->
    <ClInclude Include="plugin_config.h">
      <Filter>Plugin Core\Config</Filter>
    </ClInclude>

    <!-- Plugin Core\Helpers -->
    <ClInclude Include="plugin_helpers.h">
      <Filter>Plugin Core\Helpers</Filter>
    </ClInclude>
    <ClInclude Include="game_context.h">
      <Filter>Plugin Core\Helpers</Filter>
    </ClInclude>
    <ClInclude Include="session_config.h">
      <Filter>Plugin Core\Helpers</Filter>
    </ClInclude>
    <ClInclude Include="keybind_picker.h">
      <Filter>Plugin Core\Helpers</Filter>
    </ClInclude>
    <ClInclude Include="attribute_compose.h">
      <Filter>Plugin Core\Helpers</Filter>
    </ClInclude>
    <ClInclude Include="preset_store.h">
      <Filter>Plugin Core\Helpers</Filter>
    </ClInclude>
    <ClInclude Include="item_registry.h">
      <Filter>Plugin Core\Helpers</Filter>
    </ClInclude>
    <ClInclude Include="ui_widgets.h">
      <Filter>Plugin Core\Helpers</Filter>
    </ClInclude>
    <ClInclude Include="cheat_math.h">
      <Filter>Plugin Core\Helpers</Filter>
    </ClInclude>
    <ClInclude Include="game_thread.h">
      <Filter>Plugin Core\Helpers</Filter>
    </ClInclude>
    <ClInclude Include="player_lookup.h">
      <Filter>Plugin Core\Helpers</Filter>
    </ClInclude>

    <!-- ThirdParty -->
    <ClInclude Include="json.hpp">
      <Filter>ThirdParty</Filter>
    </ClInclude>
    <ClInclude Include="json_fwd.hpp">
      <Filter>ThirdParty</Filter>
    </ClInclude>

    <!-- SDK (header resolved via $(PluginSDKInclude) in Shared.props) -->
    <ClInclude Include="$(PluginSDKInclude)\plugin_interface.h">
      <Filter>SDK</Filter>
    </ClInclude>

    <!-- Cheats\Menu -->
    <ClInclude Include="cheat_menu.h">
      <Filter>Cheats\Menu</Filter>
    </ClInclude>

    <!-- Cheats\World -->
    <ClInclude Include="panel_world.h">
      <Filter>Cheats\World</Filter>
    </ClInclude>
    <ClInclude Include="world_wave.h">
      <Filter>Cheats\World</Filter>
    </ClInclude>
    <ClInclude Include="world_corporations.h">
      <Filter>Cheats\World</Filter>
    </ClInclude>

    <!-- Cheats\Player -->
    <ClInclude Include="panel_player.h">
      <Filter>Cheats\Player</Filter>
    </ClInclude>
    <ClInclude Include="player_attributes.h">
      <Filter>Cheats\Player</Filter>
    </ClInclude>
    <ClInclude Include="player_building.h">
      <Filter>Cheats\Player</Filter>
    </ClInclude>
    <ClInclude Include="player_inventory.h">
      <Filter>Cheats\Player</Filter>
    </ClInclude>
    <ClInclude Include="player_items.h">
      <Filter>Cheats\Player</Filter>
    </ClInclude>
    <ClInclude Include="player_movement.h">
      <Filter>Cheats\Player</Filter>
    </ClInclude>
    <ClInclude Include="player_skills.h">
      <Filter>Cheats\Player</Filter>
    </ClInclude>
    <ClInclude Include="player_tools.h">
      <Filter>Cheats\Player</Filter>
    </ClInclude>
    <ClInclude Include="player_weapons.h">
      <Filter>Cheats\Player</Filter>
    </ClInclude>

    <!-- Cheats\Machines -->
    <ClInclude Include="panel_machines.h">
      <Filter>Cheats\Machines</Filter>
    </ClInclude>
    <ClInclude Include="machine_power.h">
      <Filter>Cheats\Machines</Filter>
    </ClInclude>

    <!-- Cheats\Enemies -->
    <ClInclude Include="panel_enemies.h">
      <Filter>Cheats\Enemies</Filter>
    </ClInclude>
    <ClInclude Include="enemies.h">
      <Filter>Cheats\Enemies</Filter>
    </ClInclude>

    <!-- Cheats\Misc -->
    <ClInclude Include="panel_misc.h">
      <Filter>Cheats\Misc</Filter>
    </ClInclude>

    <!-- Cheats\Dev -->
    <ClInclude Include="panel_dev.h">
      <Filter>Cheats\Dev</Filter>
    </ClInclude>
    <ClInclude Include="dev_menus.h">
      <Filter>Cheats\Dev</Filter>
    </ClInclude>

    <!-- Patterns -->
    <ClInclude Include="aob_patterns.h">
      <Filter>Patterns</Filter>
    </ClInclude>
    <ClInclude Include="aob_resolver.h">
      <Filter>Patterns</Filter>
    </ClInclude>

  </ItemGroup>

  <!-- =========================================================
       Source files
       ========================================================= -->
  <ItemGroup>

    <!-- Plugin Core -->
    <ClCompile Include="dllmain.cpp">
      <Filter>Plugin Core</Filter>
    </ClCompile>
    <ClCompile Include="plugin.cpp">
      <Filter>Plugin Core</Filter>
    </ClCompile>

    <!-- Patterns -->
    <ClCompile Include="aob_resolver.cpp">
      <Filter>Patterns</Filter>
    </ClCompile>

    <!-- Plugin Core\Config -->
    <ClCompile Include="plugin_config.cpp">
      <Filter>Plugin Core\Config</Filter>
    </ClCompile>

    <!-- Plugin Core\Helpers -->
    <ClCompile Include="game_context.cpp">
      <Filter>Plugin Core\Helpers</Filter>
    </ClCompile>
    <ClCompile Include="session_config.cpp">
      <Filter>Plugin Core\Helpers</Filter>
    </ClCompile>
    <ClCompile Include="keybind_picker.cpp">
      <Filter>Plugin Core\Helpers</Filter>
    </ClCompile>
    <ClCompile Include="attribute_compose.cpp">
      <Filter>Plugin Core\Helpers</Filter>
    </ClCompile>
    <ClCompile Include="preset_store.cpp">
      <Filter>Plugin Core\Helpers</Filter>
    </ClCompile>
    <ClCompile Include="item_registry.cpp">
      <Filter>Plugin Core\Helpers</Filter>
    </ClCompile>

    <!-- Cheats\Menu -->
    <ClCompile Include="cheat_menu.cpp">
      <Filter>Cheats\Menu</Filter>
    </ClCompile>

    <!-- Cheats\World -->
    <ClCompile Include="panel_world.cpp">
      <Filter>Cheats\World</Filter>
    </ClCompile>
    <ClCompile Include="world_wave.cpp">
      <Filter>Cheats\World</Filter>
    </ClCompile>
    <ClCompile Include="world_corporations.cpp">
      <Filter>Cheats\World</Filter>
    </ClCompile>

    <!-- Cheats\Player -->
    <ClCompile Include="panel_player.cpp">
      <Filter>Cheats\Player</Filter>
    </ClCompile>
    <ClCompile Include="player_attributes.cpp">
      <Filter>Cheats\Player</Filter>
    </ClCompile>
    <ClCompile Include="player_building.cpp">
      <Filter>Cheats\Player</Filter>
    </ClCompile>
    <ClCompile Include="player_inventory.cpp">
      <Filter>Cheats\Player</Filter>
    </ClCompile>
    <ClCompile Include="player_items.cpp">
      <Filter>Cheats\Player</Filter>
    </ClCompile>
    <ClCompile Include="player_movement.cpp">
      <Filter>Cheats\Player</Filter>
    </ClCompile>
    <ClCompile Include="player_skills.cpp">
      <Filter>Cheats\Player</Filter>
    </ClCompile>
    <ClCompile Include="player_tools.cpp">
      <Filter>Cheats\Player</Filter>
    </ClCompile>
    <ClCompile Include="player_weapons.cpp">
      <Filter>Cheats\Player</Filter>
    </ClCompile>

    <!-- Cheats\Machines -->
    <ClCompile Include="panel_machines.cpp">
      <Filter>Cheats\Machines</Filter>
    </ClCompile>
    <ClCompile Include="machine_power.cpp">
      <Filter>Cheats\Machines</Filter>
    </ClCompile>

    <!-- Cheats\Enemies -->
    <ClCompile Include="panel_enemies.cpp">
      <Filter>Cheats\Enemies</Filter>
    </ClCompile>
    <ClCompile Include="enemies.cpp">
      <Filter>Cheats\Enemies</Filter>
    </ClCompile>

    <!-- Cheats\Misc -->
    <ClCompile Include="panel_misc.cpp">
      <Filter>Cheats\Misc</Filter>
    </ClCompile>

    <!-- Cheats\Dev -->
    <ClCompile Include="panel_dev.cpp">
      <Filter>Cheats\Dev</Filter>
    </ClCompile>
    <ClCompile Include="dev_menus.cpp">
      <Filter>Cheats\Dev</Filter>
    </ClCompile>

    <!-- SDK source files (hidden, auto-included via props) -->
    <ClCompile Include="$(StarRuptureSDKSourceDir)Basic.cpp">
      <Filter>SDK</Filter>
    </ClCompile>
    <ClCompile Include="$(StarRuptureSDKSourceDir)CoreUObject_functions.cpp">
      <Filter>SDK</Filter>
    </ClCompile>
    <ClCompile Include="$(StarRuptureSDKSourceDir)Engine_functions.cpp">
      <Filter>SDK</Filter>
    </ClCompile>
    <ClCompile Include="$(StarRuptureSDKSourceDir)UMG_functions.cpp">
      <Filter>SDK</Filter>
    </ClCompile>
    <ClCompile Include="$(StarRuptureSDKSourceDir)GameplayAbilities_functions.cpp">
      <Filter>SDK</Filter>
    </ClCompile>
    <ClCompile Include="$(StarRuptureSDKSourceDir)Chimera_functions.cpp">
      <Filter>SDK</Filter>
    </ClCompile>
    <ClCompile Include="$(StarRuptureSDKSourceDir)MassActors_functions.cpp">
      <Filter>SDK</Filter>
    </ClCompile>

  </ItemGroup>

  <!-- =========================================================
       Module definition
       ========================================================= -->
  <ItemGroup>
    <None Include="BetterCheats.def">
      <Filter>Plugin Core</Filter>
    </None>
  </ItemGroup>

</Project>
